
Microsoft Visual Studio Solution File, Format Version 12.00
# Visual Studio Version 16
VisualStudioVersion = 16.0.30517.126
MinimumVisualStudioVersion = 10.0.40219.1
Project("{FAE04EC0-301F-11D3-BF4B-00C04F79EFBC}") = "ConsoleApp3", "ConsoleApp3\ConsoleApp3.csproj", "{47B93B96-E835-4312-B8F2-CF3DDEB5B1C0}"
EndProject
Global
	GlobalSection(SolutionConfigurationPlatforms) = preSolution
		Debug|Any CPU = Debug|Any CPU
		Release|Any CPU = Release|Any CPU
	EndGlobalSection
	GlobalSection(ProjectConfigurationPlatforms) = postSolution
		{47B93B96-E835-4312-B8F2-CF3DDEB5B1C0}.Debug|Any CPU.ActiveCfg = Debug|Any CPU
		{47B93B96-E835-4312-B8F2-CF3DDEB5B1C0}.Debug|Any CPU.Build.0 = Debug|Any CPU
		{47B93B96-E835-4312-B8F2-CF3DDEB5B1C0}.Release|Any CPU.ActiveCfg = Release|Any CPU
		{47B93B96-E835-4312-B8F2-CF3DDEB5B1C0}.Release|Any CPU.Build.0 = Release|Any CPU
	EndGlobalSection
	GlobalSection(SolutionProperties) = preSolution
		HideSolutionNode = FALSE
	EndGlobalSection
	GlobalSection(ExtensibilityGlobals) = postSolution
		SolutionGuid = {B046F1B3-2264-49EC-8C9D-AF305EE2D8CF}
	EndGlobalSection
EndGlobal
