
Microsoft Visual Studio Solution File, Format Version 12.00
# Visual Studio Version 16
VisualStudioVersion = 16.0.30517.126
MinimumVisualStudioVersion = 10.0.40219.1
Project("{FAE04EC0-301F-11D3-BF4B-00C04F79EFBC}") = "WpfApp1", "WpfApp1\WpfApp1.csproj", "{463B42A0-18FC-425B-BE2A-4CD0A8927FC1}"
EndProject
Global
	GlobalSection(SolutionConfigurationPlatforms) = preSolution
		Debug|Any CPU = Debug|Any CPU
		Release|Any CPU = Release|Any CPU
	EndGlobalSection
	GlobalSection(ProjectConfigurationPlatforms) = postSolution
		{463B42A0-18FC-425B-BE2A-4CD0A8927FC1}.Debug|Any CPU.ActiveCfg = Debug|Any CPU
		{463B42A0-18FC-425B-BE2A-4CD0A8927FC1}.Debug|Any CPU.Build.0 = Debug|Any CPU
		{463B42A0-18FC-425B-BE2A-4CD0A8927FC1}.Release|Any CPU.ActiveCfg = Release|Any CPU
		{463B42A0-18FC-425B-BE2A-4CD0A8927FC1}.Release|Any CPU.Build.0 = Release|Any CPU
	EndGlobalSection
	GlobalSection(SolutionProperties) = preSolution
		HideSolutionNode = FALSE
	EndGlobalSection
	GlobalSection(ExtensibilityGlobals) = postSolution
		SolutionGuid = {874B8161-FD52-432E-A1C3-2A020DE81CE7}
	EndGlobalSection
EndGlobal
